
Microsoft Visual Studio Solution File, Format Version 12.00
# Visual Studio 15
VisualStudioVersion = 15.0.27428.1
MinimumVisualStudioVersion = 10.0.40219.1
Project("{F2A71F9B-5D33-465A-A702-920D77279786}") = "GreedyAlgorithmKnapsackTask", "GreedyAlgorithmKnapsackTask\GreedyAlgorithmKnapsackTask.fsproj", "{99E25F88-E645-497C-AE05-8EB3AB25E913}"
EndProject
Global
	GlobalSection(SolutionConfigurationPlatforms) = preSolution
		Debug|Any CPU = Debug|Any CPU
		Release|Any CPU = Release|Any CPU
	EndGlobalSection
	GlobalSection(ProjectConfigurationPlatforms) = postSolution
		{99E25F88-E645-497C-AE05-8EB3AB25E913}.Debug|Any CPU.ActiveCfg = Debug|Any CPU
		{99E25F88-E645-497C-AE05-8EB3AB25E913}.Debug|Any CPU.Build.0 = Debug|Any CPU
		{99E25F88-E645-497C-AE05-8EB3AB25E913}.Release|Any CPU.ActiveCfg = Release|Any CPU
		{99E25F88-E645-497C-AE05-8EB3AB25E913}.Release|Any CPU.Build.0 = Release|Any CPU
	EndGlobalSection
	GlobalSection(SolutionProperties) = preSolution
		HideSolutionNode = FALSE
	EndGlobalSection
	GlobalSection(ExtensibilityGlobals) = postSolution
		SolutionGuid = {A6B033D9-9902-4EE2-80AA-6C6A335CE834}
	EndGlobalSection
EndGlobal
